{
  "name": "family-db-api",
  "version": "0.1.0",
  "lockfileVersion": 3,
  "requires": true,
  "packages": {
    "": {
      "name": "family-db-api",
      "version": "0.1.0",
      "dependencies": {
        "@ydbjs/auth": "^6.0.0",
        "@ydbjs/core": "^6.0.0",
        "@ydbjs/query": "^6.0.0",
        "@ydbjs/value": "^6.0.0"
      }
    },
    "node_modules/@bufbuild/protobuf": {
      "version": "2.10.1",
      "resolved": "https://registry.npmjs.org/@bufbuild/protobuf/-/protobuf-2.10.1.tgz",
      "integrity": "sha512-ckS3+vyJb5qGpEYv/s1OebUHDi/xSNtfgw1wqKZo7MR9F2z+qXr0q5XagafAG/9O0QPVIUfST0smluYSTpYFkg==",
      "license": "(Apache-2.0 AND BSD-3-Clause)"
    },
    "node_modules/@date-fns/tz": {
      "version": "1.4.1",
      "resolved": "https://registry.npmjs.org/@date-fns/tz/-/tz-1.4.1.tgz",
      "integrity": "sha512-P5LUNhtbj6YfI3iJjw5EL9eUAG6OitD0W3fWQcpQjDRc/QIsL0tRNuO1PcDvPccWL1fSTXXdE1ds+l95DV/OFA==",
      "license": "MIT"
    },
    "node_modules/@grpc/grpc-js": {
      "version": "1.14.3",
      "resolved": "https://registry.npmjs.org/@grpc/grpc-js/-/grpc-js-1.14.3.tgz",
      "integrity": "sha512-Iq8QQQ/7X3Sac15oB6p0FmUg/klxQvXLeileoqrTRGJYLV+/9tubbr9ipz0GKHjmXVsgFPo/+W+2cA8eNcR+XA==",
      "license": "Apache-2.0",
      "dependencies": {
        "@grpc/proto-loader": "^0.8.0",
        "@js-sdsl/ordered-map": "^4.4.2"
      },
      "engines": {
        "node": ">=12.10.0"
      }
    },
    "node_modules/@grpc/proto-loader": {
      "version": "0.8.0",
      "resolved": "https://registry.npmjs.org/@grpc/proto-loader/-/proto-loader-0.8.0.tgz",
      "integrity": "sha512-rc1hOQtjIWGxcxpb9aHAfLpIctjEnsDehj0DAiVfBlmT84uvR0uUtN2hEi/ecvWVjXUGf5qPF4qEgiLOx1YIMQ==",
      "license": "Apache-2.0",
      "dependencies": {
        "lodash.camelcase": "^4.3.0",
        "long": "^5.0.0",
        "protobufjs": "^7.5.3",
        "yargs": "^17.7.2"
      },
      "bin": {
        "proto-loader-gen-types": "build/bin/proto-loader-gen-types.js"
      },
      "engines": {
        "node": ">=6"
      }
    },
    "node_modules/@js-sdsl/ordered-map": {
      "version": "4.4.2",
      "resolved": "https://registry.npmjs.org/@js-sdsl/ordered-map/-/ordered-map-4.4.2.tgz",
      "integrity": "sha512-iUKgm52T8HOE/makSxjqoWhe95ZJA1/G1sYsGev2JDKUSS14KAgg1LHb+Ba+IPow0xflbnSkOsZcO08C7w1gYw==",
      "license": "MIT",
      "funding": {
        "type": "opencollective",
        "url": "https://opencollective.com/js-sdsl"
      }
    },
    "node_modules/@protobufjs/aspromise": {
      "version": "1.1.2",
      "resolved": "https://registry.npmjs.org/@protobufjs/aspromise/-/aspromise-1.1.2.tgz",
      "integrity": "sha512-j+gKExEuLmKwvz3OgROXtrJ2UG2x8Ch2YZUxahh+s1F2HZ+wAceUNLkvy6zKCPVRkU++ZWQrdxsUeQXmcg4uoQ==",
      "license": "BSD-3-Clause"
    },
    "node_modules/@protobufjs/base64": {
      "version": "1.1.2",
      "resolved": "https://registry.npmjs.org/@protobufjs/base64/-/base64-1.1.2.tgz",
      "integrity": "sha512-AZkcAA5vnN/v4PDqKyMR5lx7hZttPDgClv83E//FMNhR2TMcLUhfRUBHCmSl0oi9zMgDDqRUJkSxO3wm85+XLg==",
      "license": "BSD-3-Clause"
    },
    "node_modules/@protobufjs/codegen": {
      "version": "2.0.4",
      "resolved": "https://registry.npmjs.org/@protobufjs/codegen/-/codegen-2.0.4.tgz",
      "integrity": "sha512-YyFaikqM5sH0ziFZCN3xDC7zeGaB/d0IUb9CATugHWbd1FRFwWwt4ld4OYMPWu5a3Xe01mGAULCdqhMlPl29Jg==",
      "license": "BSD-3-Clause"
    },
    "node_modules/@protobufjs/eventemitter": {
      "version": "1.1.0",
      "resolved": "https://registry.npmjs.org/@protobufjs/eventemitter/-/eventemitter-1.1.0.tgz",
      "integrity": "sha512-j9ednRT81vYJ9OfVuXG6ERSTdEL1xVsNgqpkxMsbIabzSo3goCjDIveeGv5d03om39ML71RdmrGNjG5SReBP/Q==",
      "license": "BSD-3-Clause"
    },
    "node_modules/@protobufjs/fetch": {
      "version": "1.1.0",
      "resolved": "https://registry.npmjs.org/@protobufjs/fetch/-/fetch-1.1.0.tgz",
      "integrity": "sha512-lljVXpqXebpsijW71PZaCYeIcE5on1w5DlQy5WH6GLbFryLUrBD4932W/E2BSpfRJWseIL4v/KPgBFxDOIdKpQ==",
      "license": "BSD-3-Clause",
      "dependencies": {
        "@protobufjs/aspromise": "^1.1.1",
        "@protobufjs/inquire": "^1.1.0"
      }
    },
    "node_modules/@protobufjs/float": {
      "version": "1.0.2",
      "resolved": "https://registry.npmjs.org/@protobufjs/float/-/float-1.0.2.tgz",
      "integrity": "sha512-Ddb+kVXlXst9d+R9PfTIxh1EdNkgoRe5tOX6t01f1lYWOvJnSPDBlG241QLzcyPdoNTsblLUdujGSE4RzrTZGQ==",
      "license": "BSD-3-Clause"
    },
    "node_modules/@protobufjs/inquire": {
      "version": "1.1.0",
      "resolved": "https://registry.npmjs.org/@protobufjs/inquire/-/inquire-1.1.0.tgz",
      "integrity": "sha512-kdSefcPdruJiFMVSbn801t4vFK7KB/5gd2fYvrxhuJYg8ILrmn9SKSX2tZdV6V+ksulWqS7aXjBcRXl3wHoD9Q==",
      "license": "BSD-3-Clause"
    },
    "node_modules/@protobufjs/path": {
      "version": "1.1.2",
      "resolved": "https://registry.npmjs.org/@protobufjs/path/-/path-1.1.2.tgz",
      "integrity": "sha512-6JOcJ5Tm08dOHAbdR3GrvP+yUUfkjG5ePsHYczMFLq3ZmMkAD98cDgcT2iA1lJ9NVwFd4tH/iSSoe44YWkltEA==",
      "license": "BSD-3-Clause"
    },
    "node_modules/@protobufjs/pool": {
      "version": "1.1.0",
      "resolved": "https://registry.npmjs.org/@protobufjs/pool/-/pool-1.1.0.tgz",
      "integrity": "sha512-0kELaGSIDBKvcgS4zkjz1PeddatrjYcmMWOlAuAPwAeccUrPHdUqo/J6LiymHHEiJT5NrF1UVwxY14f+fy4WQw==",
      "license": "BSD-3-Clause"
    },
    "node_modules/@protobufjs/utf8": {
      "version": "1.1.0",
      "resolved": "https://registry.npmjs.org/@protobufjs/utf8/-/utf8-1.1.0.tgz",
      "integrity": "sha512-Vvn3zZrhQZkkBE8LSuW3em98c0FwgO4nxzv6OdSxPKJIEKY2bGbHn+mhGIPerzI4twdxaP8/0+06HBpwf345Lw==",
      "license": "BSD-3-Clause"
    },
    "node_modules/@types/node": {
      "version": "25.6.0",
      "resolved": "https://registry.npmjs.org/@types/node/-/node-25.6.0.tgz",
      "integrity": "sha512-+qIYRKdNYJwY3vRCZMdJbPLJAtGjQBudzZzdzwQYkEPQd+PJGixUL5QfvCLDaULoLv+RhT3LDkwEfKaAkgSmNQ==",
      "license": "MIT",
      "dependencies": {
        "undici-types": "~7.19.0"
      }
    },
    "node_modules/@ydbjs/abortable": {
      "version": "6.1.0",
      "resolved": "https://registry.npmjs.org/@ydbjs/abortable/-/abortable-6.1.0.tgz",
      "integrity": "sha512-oe/lewGfseMVW64AHIWSA6pFOQy3v+s3atJdhhYay0jnGhhZtfYDyDykD6rWQLJaTrYe+SRBinq3lq9+mUB5jQ==",
      "license": "Apache-2.0",
      "engines": {
        "node": ">=20.19.0",
        "npm": ">=10"
      }
    },
    "node_modules/@ydbjs/api": {
      "version": "6.0.6",
      "resolved": "https://registry.npmjs.org/@ydbjs/api/-/api-6.0.6.tgz",
      "integrity": "sha512-zbJ7qM9eJkNCyuy5+et3G7UeQpAgpWcEGnl5IGG5Pe4GyC1vMsbOboimUi89p4JYaAr/HjUt9Y8rlWhbcovMLA==",
      "license": "Apache-2.0",
      "dependencies": {
        "@bufbuild/protobuf": "2.10.1",
        "@grpc/grpc-js": "^1.14.0",
        "nice-grpc": "^2.1.13"
      },
      "engines": {
        "node": ">=20.19.0",
        "npm": ">=10"
      }
    },
    "node_modules/@ydbjs/auth": {
      "version": "6.2.1",
      "resolved": "https://registry.npmjs.org/@ydbjs/auth/-/auth-6.2.1.tgz",
      "integrity": "sha512-3sL0Pg6I2qb7ulE+PaijakZ1GOilTdMst1U4PwAkPHHARTi8iHQNfPgn+1hCfQ+jzmznTK5IgoJVavvhyxjRDA==",
      "license": "Apache-2.0",
      "dependencies": {
        "@bufbuild/protobuf": "2.10.1",
        "@grpc/grpc-js": "^1.14.0",
        "@ydbjs/abortable": "^6.1.0",
        "@ydbjs/api": "^6.0.0",
        "@ydbjs/debug": "^6.0.0",
        "@ydbjs/error": "^6.0.0",
        "@ydbjs/retry": "^6.2.0",
        "nice-grpc": "^2.1.13"
      },
      "engines": {
        "node": ">=20.19.0",
        "npm": ">=10"
      }
    },
    "node_modules/@ydbjs/core": {
      "version": "6.1.1",
      "resolved": "https://registry.npmjs.org/@ydbjs/core/-/core-6.1.1.tgz",
      "integrity": "sha512-VF4mBcwboLsHwlrV0lEtok4ON0MsHrqf5uWgKqhRhwnytPbLKaZJeTkburUA3vt3NNXEjdNfDZTlnDsUQgsLIA==",
      "license": "Apache-2.0",
      "dependencies": {
        "@bufbuild/protobuf": "2.10.1",
        "@grpc/grpc-js": "^1.14.0",
        "@ydbjs/abortable": "^6.1.0",
        "@ydbjs/api": "^6.0.0",
        "@ydbjs/auth": "^6.1.0",
        "@ydbjs/debug": "^6.0.0",
        "@ydbjs/error": "^6.0.0",
        "@ydbjs/retry": "^6.2.0",
        "nice-grpc": "^2.1.13"
      },
      "engines": {
        "node": ">=20.19.0",
        "npm": ">=10"
      }
    },
    "node_modules/@ydbjs/debug": {
      "version": "6.0.5",
      "resolved": "https://registry.npmjs.org/@ydbjs/debug/-/debug-6.0.5.tgz",
      "integrity": "sha512-NCajxe2PyIm2FJCcRB+VmZ1g9Bnjr0TRIiHp195P7bqHuSW36x4YYoDDDA2at3SF7MGnQD3JFj27mFYM8CbBUg==",
      "license": "Apache-2.0",
      "dependencies": {
        "debug": "^4.4.0",
        "supports-color": "^10.2.2"
      },
      "engines": {
        "node": ">=20.19.0",
        "npm": ">=10"
      }
    },
    "node_modules/@ydbjs/error": {
      "version": "6.0.5",
      "resolved": "https://registry.npmjs.org/@ydbjs/error/-/error-6.0.5.tgz",
      "integrity": "sha512-L1Z6ClGRzlRPCYHKhQQ2qJRRAbLaQCg9RE+k7A2TEAyrMGxogWC4fcjKJZ9KOyakMGBPsSZ4j265DfFGG0Ll/w==",
      "license": "Apache-2.0",
      "dependencies": {
        "@bufbuild/protobuf": "2.10.0",
        "@ydbjs/api": "6.0.5"
      },
      "engines": {
        "node": ">=20.19.0",
        "npm": ">=10"
      }
    },
    "node_modules/@ydbjs/error/node_modules/@bufbuild/protobuf": {
      "version": "2.10.0",
      "resolved": "https://registry.npmjs.org/@bufbuild/protobuf/-/protobuf-2.10.0.tgz",
      "integrity": "sha512-fdRs9PSrBF7QUntpZpq6BTw58fhgGJojgg39m9oFOJGZT+nip9b0so5cYY1oWl5pvemDLr0cPPsH46vwThEbpQ==",
      "license": "(Apache-2.0 AND BSD-3-Clause)"
    },
    "node_modules/@ydbjs/error/node_modules/@ydbjs/api": {
      "version": "6.0.5",
      "resolved": "https://registry.npmjs.org/@ydbjs/api/-/api-6.0.5.tgz",
      "integrity": "sha512-TOaNGhgTDrzowLxb8B3WetMS11qo/Hm+sbaBbtknUtMA6WwCJ+ZSbWSpaR4Lf8XCIxGOGcIgtLvVgDPr2Fp1Nw==",
      "license": "Apache-2.0",
      "dependencies": {
        "@bufbuild/protobuf": "2.10.0",
        "@grpc/grpc-js": "^1.14.0",
        "nice-grpc": "^2.1.13"
      },
      "engines": {
        "node": ">=20.19.0",
        "npm": ">=10"
      }
    },
    "node_modules/@ydbjs/query": {
      "version": "6.1.0",
      "resolved": "https://registry.npmjs.org/@ydbjs/query/-/query-6.1.0.tgz",
      "integrity": "sha512-r+tEdUmBN1cv3N1f5v656TdLHNSwMJl+J0hf+CP7GLpH5rcVhUpvEkqyGHpKoGioOlgbyoBIQEQxyZWaMM3wmg==",
      "license": "Apache-2.0",
      "dependencies": {
        "@bufbuild/protobuf": "2.10.1",
        "@ydbjs/abortable": "^6.1.0",
        "@ydbjs/api": "^6.0.0",
        "@ydbjs/core": "^6.1.1",
        "@ydbjs/debug": "^6.0.0",
        "@ydbjs/error": "^6.0.0",
        "@ydbjs/retry": "^6.0.0",
        "@ydbjs/value": "^6.0.6",
        "debug": "^4.4.0",
        "nice-grpc": "^2.1.13"
      },
      "engines": {
        "node": ">=20.19.0",
        "npm": ">=10"
      }
    },
    "node_modules/@ydbjs/retry": {
      "version": "6.2.0",
      "resolved": "https://registry.npmjs.org/@ydbjs/retry/-/retry-6.2.0.tgz",
      "integrity": "sha512-RBvrY4tBFgTDLfoOy3Qn5QTiwvhqs0C92T+GpI99SGIXK9sqcUiURyA5RtECUdLsESAnwjOq1feruP4Yoe2TuA==",
      "license": "Apache-2.0",
      "dependencies": {
        "@ydbjs/abortable": "^6.1.0",
        "@ydbjs/api": "^6.0.0",
        "@ydbjs/debug": "^6.0.0",
        "@ydbjs/error": "^6.0.0",
        "nice-grpc": "^2.1.13"
      },
      "engines": {
        "node": ">=20.19.0",
        "npm": ">=10"
      }
    },
    "node_modules/@ydbjs/value": {
      "version": "6.0.7",
      "resolved": "https://registry.npmjs.org/@ydbjs/value/-/value-6.0.7.tgz",
      "integrity": "sha512-Epr/LLOtrwu0VPhmkEdgJqu709hP+ZGTmPUysK9qvxJxy7u85C7lDfPKGJCjEvQCGMfe+S25gqou0Bo+BBMjVQ==",
      "license": "Apache-2.0",
      "dependencies": {
        "@bufbuild/protobuf": "2.10.1",
        "@date-fns/tz": "^1.4.1",
        "@ydbjs/api": "^6.0.0",
        "date-fns": "^4.1.0",
        "proposal-decimal": "^20250613.0.0"
      },
      "engines": {
        "node": ">=20.19.0",
        "npm": ">=10"
      }
    },
    "node_modules/abort-controller-x": {
      "version": "0.5.0",
      "resolved": "https://registry.npmjs.org/abort-controller-x/-/abort-controller-x-0.5.0.tgz",
      "integrity": "sha512-yTt9CI0x+nRfX6BFMenEGP8ooPvErGH6AbFz20C2IeOLIlDsrw/VHpgne3GsCEuTA410IiFiaLVFKmgM4bKEPQ==",
      "license": "MIT"
    },
    "node_modules/ansi-regex": {
      "version": "5.0.1",
      "resolved": "https://registry.npmjs.org/ansi-regex/-/ansi-regex-5.0.1.tgz",
      "integrity": "sha512-quJQXlTSUGL2LH9SUXo8VwsY4soanhgo6LNSm84E1LBcE8s3O0wpdiRzyR9z/ZZJMlMWv37qOOb9pdJlMUEKFQ==",
      "license": "MIT",
      "engines": {
        "node": ">=8"
      }
    },
    "node_modules/ansi-styles": {
      "version": "4.3.0",
      "resolved": "https://registry.npmjs.org/ansi-styles/-/ansi-styles-4.3.0.tgz",
      "integrity": "sha512-zbB9rCJAT1rbjiVDb2hqKFHNYLxgtk8NURxZ3IZwD3F6NtxbXZQCnnSi1Lkx+IDohdPlFp222wVALIheZJQSEg==",
      "license": "MIT",
      "dependencies": {
        "color-convert": "^2.0.1"
      },
      "engines": {
        "node": ">=8"
      },
      "funding": {
        "url": "https://github.com/chalk/ansi-styles?sponsor=1"
      }
    },
    "node_modules/cliui": {
      "version": "8.0.1",
      "resolved": "https://registry.npmjs.org/cliui/-/cliui-8.0.1.tgz",
      "integrity": "sha512-BSeNnyus75C4//NQ9gQt1/csTXyo/8Sb+afLAkzAptFuMsod9HFokGNudZpi/oQV73hnVK+sR+5PVRMd+Dr7YQ==",
      "license": "ISC",
      "dependencies": {
        "string-width": "^4.2.0",
        "strip-ansi": "^6.0.1",
        "wrap-ansi": "^7.0.0"
      },
      "engines": {
        "node": ">=12"
      }
    },
    "node_modules/color-convert": {
      "version": "2.0.1",
      "resolved": "https://registry.npmjs.org/color-convert/-/color-convert-2.0.1.tgz",
      "integrity": "sha512-RRECPsj7iu/xb5oKYcsFHSppFNnsj/52OVTRKb4zP5onXwVF3zVmmToNcOfGC+CRDpfK/U584fMg38ZHCaElKQ==",
      "license": "MIT",
      "dependencies": {
        "color-name": "~1.1.4"
      },
      "engines": {
        "node": ">=7.0.0"
      }
    },
    "node_modules/color-name": {
      "version": "1.1.4",
      "resolved": "https://registry.npmjs.org/color-name/-/color-name-1.1.4.tgz",
      "integrity": "sha512-dOy+3AuW3a2wNbZHIuMZpTcgjGuLU/uBL/ubcZF9OXbDo8ff4O8yVp5Bf0efS8uEoYo5q4Fx7dY9OgQGXgAsQA==",
      "license": "MIT"
    },
    "node_modules/date-fns": {
      "version": "4.1.0",
      "resolved": "https://registry.npmjs.org/date-fns/-/date-fns-4.1.0.tgz",
      "integrity": "sha512-Ukq0owbQXxa/U3EGtsdVBkR1w7KOQ5gIBqdH2hkvknzZPYvBxb/aa6E8L7tmjFtkwZBu3UXBbjIgPo/Ez4xaNg==",
      "license": "MIT",
      "funding": {
        "type": "github",
        "url": "https://github.com/sponsors/kossnocorp"
      }
    },
    "node_modules/debug": {
      "version": "4.4.3",
      "resolved": "https://registry.npmjs.org/debug/-/debug-4.4.3.tgz",
      "integrity": "sha512-RGwwWnwQvkVfavKVt22FGLw+xYSdzARwm0ru6DhTVA3umU5hZc28V3kO4stgYryrTlLpuvgI9GiijltAjNbcqA==",
      "license": "MIT",
      "dependencies": {
        "ms": "^2.1.3"
      },
      "engines": {
        "node": ">=6.0"
      },
      "peerDependenciesMeta": {
        "supports-color": {
          "optional": true
        }
      }
    },
    "node_modules/emoji-regex": {
      "version": "8.0.0",
      "resolved": "https://registry.npmjs.org/emoji-regex/-/emoji-regex-8.0.0.tgz",
      "integrity": "sha512-MSjYzcWNOA0ewAHpz0MxpYFvwg6yjy1NG3xteoqz644VCo/RPgnr1/GGt+ic3iJTzQ8Eu3TdM14SawnVUmGE6A==",
      "license": "MIT"
    },
    "node_modules/escalade": {
      "version": "3.2.0",
      "resolved": "https://registry.npmjs.org/escalade/-/escalade-3.2.0.tgz",
      "integrity": "sha512-WUj2qlxaQtO4g6Pq5c29GTcWGDyd8itL8zTlipgECz3JesAiiOKotd8JU6otB3PACgG6xkJUyVhboMS+bje/jA==",
      "license": "MIT",
      "engines": {
        "node": ">=6"
      }
    },
    "node_modules/get-caller-file": {
      "version": "2.0.5",
      "resolved": "https://registry.npmjs.org/get-caller-file/-/get-caller-file-2.0.5.tgz",
      "integrity": "sha512-DyFP3BM/3YHTQOCUL/w0OZHR0lpKeGrxotcHWcqNEdnltqFwXVfhEBQ94eIo34AfQpo0rGki4cyIiftY06h2Fg==",
      "license": "ISC",
      "engines": {
        "node": "6.* || 8.* || >= 10.*"
      }
    },
    "node_modules/is-fullwidth-code-point": {
      "version": "3.0.0",
      "resolved": "https://registry.npmjs.org/is-fullwidth-code-point/-/is-fullwidth-code-point-3.0.0.tgz",
      "integrity": "sha512-zymm5+u+sCsSWyD9qNaejV3DFvhCKclKdizYaJUuHA83RLjb7nSuGnddCHGv0hk+KY7BMAlsWeK4Ueg6EV6XQg==",
      "license": "MIT",
      "engines": {
        "node": ">=8"
      }
    },
    "node_modules/lodash.camelcase": {
      "version": "4.3.0",
      "resolved": "https://registry.npmjs.org/lodash.camelcase/-/lodash.camelcase-4.3.0.tgz",
      "integrity": "sha512-TwuEnCnxbc3rAvhf/LbG7tJUDzhqXyFnv3dtzLOPgCG/hODL7WFnsbwktkD7yUV0RrreP/l1PALq/YSg6VvjlA==",
      "license": "MIT"
    },
    "node_modules/long": {
      "version": "5.3.2",
      "resolved": "https://registry.npmjs.org/long/-/long-5.3.2.tgz",
      "integrity": "sha512-mNAgZ1GmyNhD7AuqnTG3/VQ26o760+ZYBPKjPvugO8+nLbYfX6TVpJPseBvopbdY+qpZ/lKUnmEc1LeZYS3QAA==",
      "license": "Apache-2.0"
    },
    "node_modules/ms": {
      "version": "2.1.3",
      "resolved": "https://registry.npmjs.org/ms/-/ms-2.1.3.tgz",
      "integrity": "sha512-6FlzubTLZG3J2a/NVCAleEhjzq5oxgHyaCU9yYXvcLsvoVaHJq/s5xXI6/XXP6tz7R9xAOtHnSO/tXtF3WRTlA==",
      "license": "MIT"
    },
    "node_modules/nice-grpc": {
      "version": "2.1.16",
      "resolved": "https://registry.npmjs.org/nice-grpc/-/nice-grpc-2.1.16.tgz",
      "integrity": "sha512-Cl3Pn00212Hl8/U6bpgMxmhZj5lyv3nWoJov4cd3FjWarktrMHP4DNvSjCnDwkMWYx4W1tyscEia4JX6Y4GVCQ==",
      "license": "MIT",
      "dependencies": {
        "@grpc/grpc-js": "^1.14.0",
        "abort-controller-x": "^0.5.0",
        "nice-grpc-common": "^2.0.3"
      }
    },
    "node_modules/nice-grpc-common": {
      "version": "2.0.3",
      "resolved": "https://registry.npmjs.org/nice-grpc-common/-/nice-grpc-common-2.0.3.tgz",
      "integrity": "sha512-MEhnD3JMah0mgyivpb9hpRDbOBuXBxI/TVO+OK1h6rC97WM42HsPMR+zzRNQ0C5BqYJTw1nyWiQRD0DucO+pjQ==",
      "license": "MIT",
      "dependencies": {
        "ts-error": "^1.0.6"
      }
    },
    "node_modules/proposal-decimal": {
      "version": "20250613.0.0",
      "resolved": "https://registry.npmjs.org/proposal-decimal/-/proposal-decimal-20250613.0.0.tgz",
      "integrity": "sha512-cLO4I9fFHl4khF7x8F3/MUJzO/2eXvRVALzcHzNzc2pJKdNFcpk4EWW+W29V0qBQulZ6IkO58oMPU8BrsZIjag==",
      "license": "BSD-2-Clause"
    },
    "node_modules/protobufjs": {
      "version": "7.5.5",
      "resolved": "https://registry.npmjs.org/protobufjs/-/protobufjs-7.5.5.tgz",
      "integrity": "sha512-3wY1AxV+VBNW8Yypfd1yQY9pXnqTAN+KwQxL8iYm3/BjKYMNg4i0owhEe26PWDOMaIrzeeF98Lqd5NGz4omiIg==",
      "hasInstallScript": true,
      "license": "BSD-3-Clause",
      "dependencies": {
        "@protobufjs/aspromise": "^1.1.2",
        "@protobufjs/base64": "^1.1.2",
        "@protobufjs/codegen": "^2.0.4",
        "@protobufjs/eventemitter": "^1.1.0",
        "@protobufjs/fetch": "^1.1.0",
        "@protobufjs/float": "^1.0.2",
        "@protobufjs/inquire": "^1.1.0",
        "@protobufjs/path": "^1.1.2",
        "@protobufjs/pool": "^1.1.0",
        "@protobufjs/utf8": "^1.1.0",
        "@types/node": ">=13.7.0",
        "long": "^5.0.0"
      },
      "engines": {
        "node": ">=12.0.0"
      }
    },
    "node_modules/require-directory": {
      "version": "2.1.1",
      "resolved": "https://registry.npmjs.org/require-directory/-/require-directory-2.1.1.tgz",
      "integrity": "sha512-fGxEI7+wsG9xrvdjsrlmL22OMTTiHRwAMroiEeMgq8gzoLC/PQr7RsRDSTLUg/bZAZtF+TVIkHc6/4RIKrui+Q==",
      "license": "MIT",
      "engines": {
        "node": ">=0.10.0"
      }
    },
    "node_modules/string-width": {
      "version": "4.2.3",
      "resolved": "https://registry.npmjs.org/string-width/-/string-width-4.2.3.tgz",
      "integrity": "sha512-wKyQRQpjJ0sIp62ErSZdGsjMJWsap5oRNihHhu6G7JVO/9jIB6UyevL+tXuOqrng8j/cxKTWyWUwvSTriiZz/g==",
      "license": "MIT",
      "dependencies": {
        "emoji-regex": "^8.0.0",
        "is-fullwidth-code-point": "^3.0.0",
        "strip-ansi": "^6.0.1"
      },
      "engines": {
        "node": ">=8"
      }
    },
    "node_modules/strip-ansi": {
      "version": "6.0.1",
      "resolved": "https://registry.npmjs.org/strip-ansi/-/strip-ansi-6.0.1.tgz",
      "integrity": "sha512-Y38VPSHcqkFrCpFnQ9vuSXmquuv5oXOKpGeT6aGrr3o3Gc9AlVa6JBfUSOCnbxGGZF+/0ooI7KrPuUSztUdU5A==",
      "license": "MIT",
      "dependencies": {
        "ansi-regex": "^5.0.1"
      },
      "engines": {
        "node": ">=8"
      }
    },
    "node_modules/supports-color": {
      "version": "10.2.2",
      "resolved": "https://registry.npmjs.org/supports-color/-/supports-color-10.2.2.tgz",
      "integrity": "sha512-SS+jx45GF1QjgEXQx4NJZV9ImqmO2NPz5FNsIHrsDjh2YsHnawpan7SNQ1o8NuhrbHZy9AZhIoCUiCeaW/C80g==",
      "license": "MIT",
      "engines": {
        "node": ">=18"
      },
      "funding": {
        "url": "https://github.com/chalk/supports-color?sponsor=1"
      }
    },
    "node_modules/ts-error": {
      "version": "1.0.6",
      "resolved": "https://registry.npmjs.org/ts-error/-/ts-error-1.0.6.tgz",
      "integrity": "sha512-tLJxacIQUM82IR7JO1UUkKlYuUTmoY9HBJAmNWFzheSlDS5SPMcNIepejHJa4BpPQLAcbRhRf3GDJzyj6rbKvA==",
      "license": "MIT"
    },
    "node_modules/undici-types": {
      "version": "7.19.2",
      "resolved": "https://registry.npmjs.org/undici-types/-/undici-types-7.19.2.tgz",
      "integrity": "sha512-qYVnV5OEm2AW8cJMCpdV20CDyaN3g0AjDlOGf1OW4iaDEx8MwdtChUp4zu4H0VP3nDRF/8RKWH+IPp9uW0YGZg==",
      "license": "MIT"
    },
    "node_modules/wrap-ansi": {
      "version": "7.0.0",
      "resolved": "https://registry.npmjs.org/wrap-ansi/-/wrap-ansi-7.0.0.tgz",
      "integrity": "sha512-YVGIj2kamLSTxw6NsZjoBxfSwsn0ycdesmc4p+Q21c5zPuZ1pl+NfxVdxPtdHvmNVOQ6XSYG4AUtyt/Fi7D16Q==",
      "license": "MIT",
      "dependencies": {
        "ansi-styles": "^4.0.0",
        "string-width": "^4.1.0",
        "strip-ansi": "^6.0.0"
      },
      "engines": {
        "node": ">=10"
      },
      "funding": {
        "url": "https://github.com/chalk/wrap-ansi?sponsor=1"
      }
    },
    "node_modules/y18n": {
      "version": "5.0.8",
      "resolved": "https://registry.npmjs.org/y18n/-/y18n-5.0.8.tgz",
      "integrity": "sha512-0pfFzegeDWJHJIAmTLRP2DwHjdF5s7jo9tuztdQxAhINCdvS+3nGINqPd00AphqJR/0LhANUS6/+7SCb98YOfA==",
      "license": "ISC",
      "engines": {
        "node": ">=10"
      }
    },
    "node_modules/yargs": {
      "version": "17.7.2",
      "resolved": "https://registry.npmjs.org/yargs/-/yargs-17.7.2.tgz",
      "integrity": "sha512-7dSzzRQ++CKnNI/krKnYRV7JKKPUXMEh61soaHKg9mrWEhzFWhFnxPxGl+69cD1Ou63C13NUPCnmIcrvqCuM6w==",
      "license": "MIT",
      "dependencies": {
        "cliui": "^8.0.1",
        "escalade": "^3.1.1",
        "get-caller-file": "^2.0.5",
        "require-directory": "^2.1.1",
        "string-width": "^4.2.3",
        "y18n": "^5.0.5",
        "yargs-parser": "^21.1.1"
      },
      "engines": {
        "node": ">=12"
      }
    },
    "node_modules/yargs-parser": {
      "version": "21.1.1",
      "resolved": "https://registry.npmjs.org/yargs-parser/-/yargs-parser-21.1.1.tgz",
      "integrity": "sha512-tVpsJW7DdjecAiFpbIB1e3qxIQsE6NoPc5/eTdrbbIC4h0LVsWhnoa3g+m2HclBIujHzsxZ4VJVA+GUuc2/LBw==",
      "license": "ISC",
      "engines": {
        "node": ">=12"
      }
    }
  }
}
